
Microsoft Visual Studio Solution File, Format Version 12.00
# Visual Studio Version 17
VisualStudioVersion = 17.11.35327.3
MinimumVisualStudioVersion = 10.0.40219.1
Project("{FAE04EC0-301F-11D3-BF4B-00C04F79EFBC}") = "MvcCv.Proje", "MvcCv.Proje\MvcCv.Proje.csproj", "{36F9922B-A4CB-4CFD-BA82-1DC1C5ED393A}"
EndProject
Global
	GlobalSection(SolutionConfigurationPlatforms) = preSolution
		Debug|Any CPU = Debug|Any CPU
		Release|Any CPU = Release|Any CPU
	EndGlobalSection
	GlobalSection(ProjectConfigurationPlatforms) = postSolution
		{36F9922B-A4CB-4CFD-BA82-1DC1C5ED393A}.Debug|Any CPU.ActiveCfg = Debug|Any CPU
		{36F9922B-A4CB-4CFD-BA82-1DC1C5ED393A}.Debug|Any CPU.Build.0 = Debug|Any CPU
		{36F9922B-A4CB-4CFD-BA82-1DC1C5ED393A}.Release|Any CPU.ActiveCfg = Release|Any CPU
		{36F9922B-A4CB-4CFD-BA82-1DC1C5ED393A}.Release|Any CPU.Build.0 = Release|Any CPU
	EndGlobalSection
	GlobalSection(SolutionProperties) = preSolution
		HideSolutionNode = FALSE
	EndGlobalSection
	GlobalSection(ExtensibilityGlobals) = postSolution
		SolutionGuid = {C20EDC4C-9EFD-43BA-973E-C8EA8F36A3A3}
	EndGlobalSection
EndGlobal
